
Microsoft Visual Studio Solution File, Format Version 12.00
# Visual Studio Version 16
VisualStudioVersion = 16.0.29911.84
MinimumVisualStudioVersion = 10.0.40219.1
Project("{FAE04EC0-301F-11D3-BF4B-00C04F79EFBC}") = "Random tehtävä 2", "Random tehtävä 2\Random tehtävä 2.csproj", "{3E2C5A30-49D6-488C-A9ED-0C1223AABEAF}"
EndProject
Global
	GlobalSection(SolutionConfigurationPlatforms) = preSolution
		Debug|Any CPU = Debug|Any CPU
		Release|Any CPU = Release|Any CPU
	EndGlobalSection
	GlobalSection(ProjectConfigurationPlatforms) = postSolution
		{3E2C5A30-49D6-488C-A9ED-0C1223AABEAF}.Debug|Any CPU.ActiveCfg = Debug|Any CPU
		{3E2C5A30-49D6-488C-A9ED-0C1223AABEAF}.Debug|Any CPU.Build.0 = Debug|Any CPU
		{3E2C5A30-49D6-488C-A9ED-0C1223AABEAF}.Release|Any CPU.ActiveCfg = Release|Any CPU
		{3E2C5A30-49D6-488C-A9ED-0C1223AABEAF}.Release|Any CPU.Build.0 = Release|Any CPU
	EndGlobalSection
	GlobalSection(SolutionProperties) = preSolution
		HideSolutionNode = FALSE
	EndGlobalSection
	GlobalSection(ExtensibilityGlobals) = postSolution
		SolutionGuid = {1D976D60-5F2D-4D48-A6FC-37626DD32F2D}
	EndGlobalSection
EndGlobal
