
Microsoft Visual Studio Solution File, Format Version 12.00
# Visual Studio Version 16
VisualStudioVersion = 16.0.29911.84
MinimumVisualStudioVersion = 10.0.40219.1
Project("{FAE04EC0-301F-11D3-BF4B-00C04F79EFBC}") = "Harjotus 4 windows", "Harjotus 4 windows\Harjotus 4 windows.csproj", "{65C60322-78A6-4C29-B168-400236F81239}"
EndProject
Global
	GlobalSection(SolutionConfigurationPlatforms) = preSolution
		Debug|Any CPU = Debug|Any CPU
		Release|Any CPU = Release|Any CPU
	EndGlobalSection
	GlobalSection(ProjectConfigurationPlatforms) = postSolution
		{65C60322-78A6-4C29-B168-400236F81239}.Debug|Any CPU.ActiveCfg = Debug|Any CPU
		{65C60322-78A6-4C29-B168-400236F81239}.Debug|Any CPU.Build.0 = Debug|Any CPU
		{65C60322-78A6-4C29-B168-400236F81239}.Release|Any CPU.ActiveCfg = Release|Any CPU
		{65C60322-78A6-4C29-B168-400236F81239}.Release|Any CPU.Build.0 = Release|Any CPU
	EndGlobalSection
	GlobalSection(SolutionProperties) = preSolution
		HideSolutionNode = FALSE
	EndGlobalSection
	GlobalSection(ExtensibilityGlobals) = postSolution
		SolutionGuid = {046D5DD5-D3B4-4CA1-952D-2537380FD99C}
	EndGlobalSection
EndGlobal
